
Microsoft Visual Studio Solution File, Format Version 12.00
# Visual Studio Version 16
VisualStudioVersion = 16.0.29905.134
MinimumVisualStudioVersion = 10.0.40219.1
Project("{9A19103F-16F7-4668-BE54-9A1E7A4F7556}") = "BrainInBaseApi", "BrainInBase\BrainInBaseApi.csproj", "{A6D11783-46E5-4CE6-898A-FEC444333672}"
EndProject
Project("{9A19103F-16F7-4668-BE54-9A1E7A4F7556}") = "BrainInBase.Contracts", "BrainInBase.Contracts\BrainInBase.Contracts.csproj", "{252A8418-62D4-4D02-BCCD-2163015B52DE}"
EndProject
Project("{9A19103F-16F7-4668-BE54-9A1E7A4F7556}") = "BrainInBase.Query", "BrainInBase.Query\BrainInBase.Query.csproj", "{372AE91E-38DF-438A-9334-11BBD2BF91BC}"
EndProject
Global
	GlobalSection(SolutionConfigurationPlatforms) = preSolution
		Debug|Any CPU = Debug|Any CPU
		Release|Any CPU = Release|Any CPU
	EndGlobalSection
	GlobalSection(ProjectConfigurationPlatforms) = postSolution
		{A6D11783-46E5-4CE6-898A-FEC444333672}.Debug|Any CPU.ActiveCfg = Debug|Any CPU
		{A6D11783-46E5-4CE6-898A-FEC444333672}.Debug|Any CPU.Build.0 = Debug|Any CPU
		{A6D11783-46E5-4CE6-898A-FEC444333672}.Release|Any CPU.ActiveCfg = Release|Any CPU
		{A6D11783-46E5-4CE6-898A-FEC444333672}.Release|Any CPU.Build.0 = Release|Any CPU
		{252A8418-62D4-4D02-BCCD-2163015B52DE}.Debug|Any CPU.ActiveCfg = Debug|Any CPU
		{252A8418-62D4-4D02-BCCD-2163015B52DE}.Debug|Any CPU.Build.0 = Debug|Any CPU
		{252A8418-62D4-4D02-BCCD-2163015B52DE}.Release|Any CPU.ActiveCfg = Release|Any CPU
		{252A8418-62D4-4D02-BCCD-2163015B52DE}.Release|Any CPU.Build.0 = Release|Any CPU
		{372AE91E-38DF-438A-9334-11BBD2BF91BC}.Debug|Any CPU.ActiveCfg = Debug|Any CPU
		{372AE91E-38DF-438A-9334-11BBD2BF91BC}.Debug|Any CPU.Build.0 = Debug|Any CPU
		{372AE91E-38DF-438A-9334-11BBD2BF91BC}.Release|Any CPU.ActiveCfg = Release|Any CPU
		{372AE91E-38DF-438A-9334-11BBD2BF91BC}.Release|Any CPU.Build.0 = Release|Any CPU
	EndGlobalSection
	GlobalSection(SolutionProperties) = preSolution
		HideSolutionNode = FALSE
	EndGlobalSection
	GlobalSection(ExtensibilityGlobals) = postSolution
		SolutionGuid = {C4B3107F-1DB0-4254-96EE-519F4B86FCBC}
	EndGlobalSection
EndGlobal
