
Microsoft Visual Studio Solution File, Format Version 12.00
# Visual Studio Version 16
VisualStudioVersion = 16.0.29905.134
MinimumVisualStudioVersion = 10.0.40219.1
Project("{9A19103F-16F7-4668-BE54-9A1E7A4F7556}") = "BrainInBaseApi", "BrainInBase\BrainInBaseApi.csproj", "{A6D11783-46E5-4CE6-898A-FEC444333672}"
EndProject
Project("{9A19103F-16F7-4668-BE54-9A1E7A4F7556}") = "BrainInBaseClass", "BrainInBaseClass\BrainInBaseClass.csproj", "{03B0B005-C67A-4F2E-BC2E-71E52B4FC46C}"
EndProject
Project("{FAE04EC0-301F-11D3-BF4B-00C04F79EFBC}") = "BrainInBaseClient", "BrainInBaseClient\BrainInBaseClient.csproj", "{924DF03B-6C47-4AC6-B2EF-24A76D04BF42}"
EndProject
Global
	GlobalSection(SolutionConfigurationPlatforms) = preSolution
		Debug|Any CPU = Debug|Any CPU
		Release|Any CPU = Release|Any CPU
	EndGlobalSection
	GlobalSection(ProjectConfigurationPlatforms) = postSolution
		{A6D11783-46E5-4CE6-898A-FEC444333672}.Debug|Any CPU.ActiveCfg = Debug|Any CPU
		{A6D11783-46E5-4CE6-898A-FEC444333672}.Debug|Any CPU.Build.0 = Debug|Any CPU
		{A6D11783-46E5-4CE6-898A-FEC444333672}.Release|Any CPU.ActiveCfg = Release|Any CPU
		{A6D11783-46E5-4CE6-898A-FEC444333672}.Release|Any CPU.Build.0 = Release|Any CPU
		{03B0B005-C67A-4F2E-BC2E-71E52B4FC46C}.Debug|Any CPU.ActiveCfg = Debug|Any CPU
		{03B0B005-C67A-4F2E-BC2E-71E52B4FC46C}.Debug|Any CPU.Build.0 = Debug|Any CPU
		{03B0B005-C67A-4F2E-BC2E-71E52B4FC46C}.Release|Any CPU.ActiveCfg = Release|Any CPU
		{03B0B005-C67A-4F2E-BC2E-71E52B4FC46C}.Release|Any CPU.Build.0 = Release|Any CPU
		{924DF03B-6C47-4AC6-B2EF-24A76D04BF42}.Debug|Any CPU.ActiveCfg = Debug|Any CPU
		{924DF03B-6C47-4AC6-B2EF-24A76D04BF42}.Debug|Any CPU.Build.0 = Debug|Any CPU
		{924DF03B-6C47-4AC6-B2EF-24A76D04BF42}.Release|Any CPU.ActiveCfg = Release|Any CPU
		{924DF03B-6C47-4AC6-B2EF-24A76D04BF42}.Release|Any CPU.Build.0 = Release|Any CPU
	EndGlobalSection
	GlobalSection(SolutionProperties) = preSolution
		HideSolutionNode = FALSE
	EndGlobalSection
	GlobalSection(ExtensibilityGlobals) = postSolution
		SolutionGuid = {C4B3107F-1DB0-4254-96EE-519F4B86FCBC}
	EndGlobalSection
EndGlobal
